// !$*UTF8*$!
{
	archiveVersion = 1;
	classes = {
	};
	objectVersion = 56;
	objects = {

/* Begin PBXBuildFile section */
		435E677629FD871B00BE3C06 /* RouteGPTApp.swift in Sources */ = {isa = PBXBuildFile; fileRef = 435E677529FD871B00BE3C06 /* RouteGPTApp.swift */; };
		435E677829FD871B00BE3C06 /* ContentView.swift in Sources */ = {isa = PBXBuildFile; fileRef = 435E677729FD871B00BE3C06 /* ContentView.swift */; };
		435E677A29FD871D00BE3C06 /* Assets.xcassets in Resources */ = {isa = PBXBuildFile; fileRef = 435E677929FD871D00BE3C06 /* Assets.xcassets */; };
		435E677D29FD871D00BE3C06 /* Preview Assets.xcassets in Resources */ = {isa = PBXBuildFile; fileRef = 435E677C29FD871D00BE3C06 /* Preview Assets.xcassets */; };
		435E678429FD87FA00BE3C06 /* GPTAPIManager.swift in Sources */ = {isa = PBXBuildFile; fileRef = 435E678329FD87FA00BE3C06 /* GPTAPIManager.swift */; };
		435E678629FD88DF00BE3C06 /* RouteTextView.swift in Sources */ = {isa = PBXBuildFile; fileRef = 435E678529FD88DF00BE3C06 /* RouteTextView.swift */; };
		435E678829FD97C200BE3C06 /* SharedInfoModel.swift in Sources */ = {isa = PBXBuildFile; fileRef = 435E678729FD97C200BE3C06 /* SharedInfoModel.swift */; };
/* End PBXBuildFile section */

/* Begin PBXFileReference section */
		435E677229FD871B00BE3C06 /* RouteGPT.app */ = {isa = PBXFileReference; explicitFileType = wrapper.application; includeInIndex = 0; path = RouteGPT.app; sourceTree = BUILT_PRODUCTS_DIR; };
		435E677529FD871B00BE3C06 /* RouteGPTApp.swift */ = {isa = PBXFileReference; lastKnownFileType = sourcecode.swift; path = RouteGPTApp.swift; sourceTree = "<group>"; };
		435E677729FD871B00BE3C06 /* ContentView.swift */ = {isa = PBXFileReference; lastKnownFileType = sourcecode.swift; path = ContentView.swift; sourceTree = "<group>"; };
		435E677929FD871D00BE3C06 /* Assets.xcassets */ = {isa = PBXFileReference; lastKnownFileType = folder.assetcatalog; path = Assets.xcassets; sourceTree = "<group>"; };
		435E677C29FD871D00BE3C06 /* Preview Assets.xcassets */ = {isa = PBXFileReference; lastKnownFileType = folder.assetcatalog; path = "Preview Assets.xcassets"; sourceTree = "<group>"; };
		435E678329FD87FA00BE3C06 /* GPTAPIManager.swift */ = {isa = PBXFileReference; lastKnownFileType = sourcecode.swift; path = GPTAPIManager.swift; sourceTree = "<group>"; };
		435E678529FD88DF00BE3C06 /* RouteTextView.swift */ = {isa = PBXFileReference; lastKnownFileType = sourcecode.swift; path = RouteTextView.swift; sourceTree = "<group>"; };
		435E678729FD97C200BE3C06 /* SharedInfoModel.swift */ = {isa = PBXFileReference; lastKnownFileType = sourcecode.swift; path = SharedInfoModel.swift; sourceTree = "<group>"; };
/* End PBXFileReference section */

/* Begin PBXFrameworksBuildPhase section */
		435E676F29FD871B00BE3C06 /* Frameworks */ = {
			isa = PBXFrameworksBuildPhase;
			buildActionMask = 2147483647;
			files = (
			);
			runOnlyForDeploymentPostprocessing = 0;
		};
/* End PBXFrameworksBuildPhase section */

/* Begin PBXGroup section */
		435E676929FD871B00BE3C06 = {
			isa = PBXGroup;
			children = (
				435E677429FD871B00BE3C06 /* RouteGPT */,
				435E677329FD871B00BE3C06 /* Products */,
			);
			sourceTree = "<group>";
		};
		435E677329FD871B00BE3C06 /* Products */ = {
			isa = PBXGroup;
			children = (
				435E677229FD871B00BE3C06 /* RouteGPT.app */,
			);
			name = Products;
			sourceTree = "<group>";
		};
		435E677429FD871B00BE3C06 /* RouteGPT */ = {
			isa = PBXGroup;
			children = (
				435E677529FD871B00BE3C06 /* RouteGPTApp.swift */,
				435E677729FD871B00BE3C06 /* ContentView.swift */,
				435E677929FD871D00BE3C06 /* Assets.xcassets */,
				435E677B29FD871D00BE3C06 /* Preview Content */,
				435E678329FD87FA00BE3C06 /* GPTAPIManager.swift */,
				435E678529FD88DF00BE3C06 /* RouteTextView.swift */,
				435E678729FD97C200BE3C06 /* SharedInfoModel.swift */,
			);
			path = RouteGPT;
			sourceTree = "<group>";
		};
		435E677B29FD871D00BE3C06 /* Preview Content */ = {
			isa = PBXGroup;
			children = (
				435E677C29FD871D00BE3C06 /* Preview Assets.xcassets */,
			);
			path = "Preview Content";
			sourceTree = "<group>";
		};
/* End PBXGroup section */

/* Begin PBXNativeTarget section */
		435E677129FD871B00BE3C06 /* RouteGPT */ = {
			isa = PBXNativeTarget;
			buildConfigurationList = 435E678029FD871D00BE3C06 /* Build configuration list for PBXNativeTarget "RouteGPT" */;
			buildPhases = (
				435E676E29FD871B00BE3C06 /* Sources */,
				435E676F29FD871B00BE3C06 /* Frameworks */,
				435E677029FD871B00BE3C06 /* Resources */,
			);
			buildRules = (
			);
			dependencies = (
			);
			name = RouteGPT;
			productName = RouteGPT;
			productReference = 435E677229FD871B00BE3C06 /* RouteGPT.app */;
			productType = "com.apple.product-type.application";
		};
/* End PBXNativeTarget section */

/* Begin PBXProject section */
		435E676A29FD871B00BE3C06 /* Project object */ = {
			isa = PBXProject;
			attributes = {
				BuildIndependentTargetsInParallel = 1;
				LastSwiftUpdateCheck = 1430;
				LastUpgradeCheck = 1430;
				TargetAttributes = {
					435E677129FD871B00BE3C06 = {
						CreatedOnToolsVersion = 14.3;
					};
				};
			};
			buildConfigurationList = 435E676D29FD871B00BE3C06 /* Build configuration list for PBXProject "RouteGPT" */;
			compatibilityVersion = "Xcode 14.0";
			developmentRegion = en;
			hasScannedForEncodings = 0;
			knownRegions = (
				en,
				Base,
			);
			mainGroup = 435E676929FD871B00BE3C06;
			productRefGroup = 435E677329FD871B00BE3C06 /* Products */;
			projectDirPath = "";
			projectRoot = "";
			targets = (
				435E677129FD871B00BE3C06 /* RouteGPT */,
			);
		};
/* End PBXProject section */

/* Begin PBXResourcesBuildPhase section */
		435E677029FD871B00BE3C06 /* Resources */ = {
			isa = PBXResourcesBuildPhase;
			buildActionMask = 2147483647;
			files = (
				435E677D29FD871D00BE3C06 /* Preview Assets.xcassets in Resources */,
				435E677A29FD871D00BE3C06 /* Assets.xcassets in Resources */,
			);
			runOnlyForDeploymentPostprocessing = 0;
		};
/* End PBXResourcesBuildPhase section */

/* Begin PBXSourcesBuildPhase section */
		435E676E29FD871B00BE3C06 /* Sources */ = {
			isa = PBXSourcesBuildPhase;
			buildActionMask = 2147483647;
			files = (
				435E677829FD871B00BE3C06 /* ContentView.swift in Sources */,
				435E678829FD97C200BE3C06 /* SharedInfoModel.swift in Sources */,
				435E678629FD88DF00BE3C06 /* RouteTextView.swift in Sources */,
				435E678429FD87FA00BE3C06 /* GPTAPIManager.swift in Sources */,
				435E677629FD871B00BE3C06 /* RouteGPTApp.swift in Sources */,
			);
			runOnlyForDeploymentPostprocessing = 0;
		};
/* End PBXSourcesBuildPhase section */

/* Begin XCBuildConfiguration section */
		435E677E29FD871D00BE3C06 /* Debug */ = {
			isa = XCBuildConfiguration;
			buildSettings = {
				ALWAYS_SEARCH_USER_PATHS = NO;
				CLANG_ANALYZER_NONNULL = YES;
				CLANG_ANALYZER_NUMBER_OBJECT_CONVERSION = YES_AGGRESSIVE;
				CLANG_CXX_LANGUAGE_STANDARD = "gnu++20";
				CLANG_ENABLE_MODULES = YES;
				CLANG_ENABLE_OBJC_ARC = YES;
				CLANG_ENABLE_OBJC_WEAK = YES;
				CLANG_WARN_BLOCK_CAPTURE_AUTORELEASING = YES;
				CLANG_WARN_BOOL_CONVERSION = YES;
				CLANG_WARN_COMMA = YES;
				CLANG_WARN_CONSTANT_CONVERSION = YES;
				CLANG_WARN_DEPRECATED_OBJC_IMPLEMENTATIONS = YES;
				CLANG_WARN_DIRECT_OBJC_ISA_USAGE = YES_ERROR;
				CLANG_WARN_DOCUMENTATION_COMMENTS = YES;
				CLANG_WARN_EMPTY_BODY = YES;
				CLANG_WARN_ENUM_CONVERSION = YES;
				CLANG_WARN_INFINITE_RECURSION = YES;
				CLANG_WARN_INT_CONVERSION = YES;
				CLANG_WARN_NON_LITERAL_NULL_CONVERSION = YES;
				CLANG_WARN_OBJC_IMPLICIT_RETAIN_SELF = YES;
				CLANG_WARN_OBJC_LITERAL_CONVERSION = YES;
				CLANG_WARN_OBJC_ROOT_CLASS = YES_ERROR;
				CLANG_WARN_QUOTED_INCLUDE_IN_FRAMEWORK_HEADER = YES;
				CLANG_WARN_RANGE_LOOP_ANALYSIS = YES;
				CLANG_WARN_STRICT_PROTOTYPES = YES;
				CLANG_WARN_SUSPICIOUS_MOVE = YES;
				CLANG_WARN_UNGUARDED_AVAILABILITY = YES_AGGRESSIVE;
				CLANG_WARN_UNREACHABLE_CODE = YES;
				CLANG_WARN__DUPLICATE_METHOD_MATCH = YES;
				COPY_PHASE_STRIP = NO;
				DEBUG_INFORMATION_FORMAT = dwarf;
				ENABLE_STRICT_OBJC_MSGSEND = YES;
				ENABLE_TESTABILITY = YES;
				GCC_C_LANGUAGE_STANDARD = gnu11;
				GCC_DYNAMIC_NO_PIC = NO;
				GCC_NO_COMMON_BLOCKS = YES;
				GCC_OPTIMIZATION_LEVEL = 0;
				GCC_PREPROCESSOR_DEFINITIONS = (
					"DEBUG=1",
					"$(inherited)",
				);
				GCC_WARN_64_TO_32_BIT_CONVERSION = YES;
				GCC_WARN_ABOUT_RETURN_TYPE = YES_ERROR;
				GCC_WARN_UNDECLARED_SELECTOR = YES;
				GCC_WARN_UNINITIALIZED_AUTOS = YES_AGGRESSIVE;
				GCC_WARN_UNUSED_FUNCTION = YES;
				GCC_WARN_UNUSED_VARIABLE = YES;
				IPHONEOS_DEPLOYMENT_TARGET = 16.4;
				MTL_ENABLE_DEBUG_INFO = INCLUDE_SOURCE;
				MTL_FAST_MATH = YES;
				ONLY_ACTIVE_ARCH = YES;
				SDKROOT = iphoneos;
				SWIFT_ACTIVE_COMPILATION_CONDITIONS = DEBUG;
				SWIFT_OPTIMIZATION_LEVEL = "-Onone";
			};
			name = Debug;
		};
		435E677F29FD871D00BE3C06 /* Release */ = {
			isa = XCBuildConfiguration;
			buildSettings = {
				ALWAYS_SEARCH_USER_PATHS = NO;
				CLANG_ANALYZER_NONNULL = YES;
				CLANG_ANALYZER_NUMBER_OBJECT_CONVERSION = YES_AGGRESSIVE;
				CLANG_CXX_LANGUAGE_STANDARD = "gnu++20";
				CLANG_ENABLE_MODULES = YES;
				CLANG_ENABLE_OBJC_ARC = YES;
				CLANG_ENABLE_OBJC_WEAK = YES;
				CLANG_WARN_BLOCK_CAPTURE_AUTORELEASING = YES;
				CLANG_WARN_BOOL_CONVERSION = YES;
				CLANG_WARN_COMMA = YES;
				CLANG_WARN_CONSTANT_CONVERSION = YES;
				CLANG_WARN_DEPRECATED_OBJC_IMPLEMENTATIONS = YES;
				CLANG_WARN_DIRECT_OBJC_ISA_USAGE = YES_ERROR;
				CLANG_WARN_DOCUMENTATION_COMMENTS = YES;
				CLANG_WARN_EMPTY_BODY = YES;
				CLANG_WARN_ENUM_CONVERSION = YES;
				CLANG_WARN_INFINITE_RECURSION = YES;
				CLANG_WARN_INT_CONVERSION = YES;
				CLANG_WARN_NON_LITERAL_NULL_CONVERSION = YES;
				CLANG_WARN_OBJC_IMPLICIT_RETAIN_SELF = YES;
				CLANG_WARN_OBJC_LITERAL_CONVERSION = YES;
				CLANG_WARN_OBJC_ROOT_CLASS = YES_ERROR;
				CLANG_WARN_QUOTED_INCLUDE_IN_FRAMEWORK_HEADER = YES;
				CLANG_WARN_RANGE_LOOP_ANALYSIS = YES;
				CLANG_WARN_STRICT_PROTOTYPES = YES;
				CLANG_WARN_SUSPICIOUS_MOVE = YES;
				CLANG_WARN_UNGUARDED_AVAILABILITY = YES_AGGRESSIVE;
				CLANG_WARN_UNREACHABLE_CODE = YES;
				CLANG_WARN__DUPLICATE_METHOD_MATCH = YES;
				COPY_PHASE_STRIP = NO;
				DEBUG_INFORMATION_FORMAT = "dwarf-with-dsym";
				ENABLE_NS_ASSERTIONS = NO;
				ENABLE_STRICT_OBJC_MSGSEND = YES;
				GCC_C_LANGUAGE_STANDARD = gnu11;
				GCC_NO_COMMON_BLOCKS = YES;
				GCC_WARN_64_TO_32_BIT_CONVERSION = YES;
				GCC_WARN_ABOUT_RETURN_TYPE = YES_ERROR;
				GCC_WARN_UNDECLARED_SELECTOR = YES;
				GCC_WARN_UNINITIALIZED_AUTOS = YES_AGGRESSIVE;
				GCC_WARN_UNUSED_FUNCTION = YES;
				GCC_WARN_UNUSED_VARIABLE = YES;
				IPHONEOS_DEPLOYMENT_TARGET = 16.4;
				MTL_ENABLE_DEBUG_INFO = NO;
				MTL_FAST_MATH = YES;
				SDKROOT = iphoneos;
				SWIFT_COMPILATION_MODE = wholemodule;
				SWIFT_OPTIMIZATION_LEVEL = "-O";
				VALIDATE_PRODUCT = YES;
			};
			name = Release;
		};
		435E678129FD871D00BE3C06 /* Debug */ = {
			isa = XCBuildConfiguration;
			buildSettings = {
				ASSETCATALOG_COMPILER_APPICON_NAME = AppIcon;
				ASSETCATALOG_COMPILER_GLOBAL_ACCENT_COLOR_NAME = AccentColor;
				CODE_SIGN_STYLE = Automatic;
				CURRENT_PROJECT_VERSION = 1;
				DEVELOPMENT_ASSET_PATHS = "\"RouteGPT/Preview Content\"";
				DEVELOPMENT_TEAM = WTLRY9GBMJ;
				ENABLE_PREVIEWS = YES;
				GENERATE_INFOPLIST_FILE = YES;
				INFOPLIST_KEY_UIApplicationSceneManifest_Generation = YES;
				INFOPLIST_KEY_UIApplicationSupportsIndirectInputEvents = YES;
				INFOPLIST_KEY_UILaunchScreen_Generation = YES;
				INFOPLIST_KEY_UISupportedInterfaceOrientations_iPad = "UIInterfaceOrientationPortrait UIInterfaceOrientationPortraitUpsideDown UIInterfaceOrientationLandscapeLeft UIInterfaceOrientationLandscapeRight";
				INFOPLIST_KEY_UISupportedInterfaceOrientations_iPhone = "UIInterfaceOrientationPortrait UIInterfaceOrientationLandscapeLeft UIInterfaceOrientationLandscapeRight";
				LD_RUNPATH_SEARCH_PATHS = (
					"$(inherited)",
					"@executable_path/Frameworks",
				);
				MARKETING_VERSION = 1.0;
				PRODUCT_BUNDLE_IDENTIFIER = mtorres.RouteGPT;
				PRODUCT_NAME = "$(TARGET_NAME)";
				SWIFT_EMIT_LOC_STRINGS = YES;
				SWIFT_VERSION = 5.0;
				TARGETED_DEVICE_FAMILY = "1,2";
			};
			name = Debug;
		};
		435E678229FD871D00BE3C06 /* Release */ = {
			isa = XCBuildConfiguration;
			buildSettings = {
				ASSETCATALOG_COMPILER_APPICON_NAME = AppIcon;
				ASSETCATALOG_COMPILER_GLOBAL_ACCENT_COLOR_NAME = AccentColor;
				CODE_SIGN_STYLE = Automatic;
				CURRENT_PROJECT_VERSION = 1;
				DEVELOPMENT_ASSET_PATHS = "\"RouteGPT/Preview Content\"";
				DEVELOPMENT_TEAM = WTLRY9GBMJ;
				ENABLE_PREVIEWS = YES;
				GENERATE_INFOPLIST_FILE = YES;
				INFOPLIST_KEY_UIApplicationSceneManifest_Generation = YES;
				INFOPLIST_KEY_UIApplicationSupportsIndirectInputEvents = YES;
				INFOPLIST_KEY_UILaunchScreen_Generation = YES;
				INFOPLIST_KEY_UISupportedInterfaceOrientations_iPad = "UIInterfaceOrientationPortrait UIInterfaceOrientationPortraitUpsideDown UIInterfaceOrientationLandscapeLeft UIInterfaceOrientationLandscapeRight";
				INFOPLIST_KEY_UISupportedInterfaceOrientations_iPhone = "UIInterfaceOrientationPortrait UIInterfaceOrientationLandscapeLeft UIInterfaceOrientationLandscapeRight";
				LD_RUNPATH_SEARCH_PATHS = (
					"$(inherited)",
					"@executable_path/Frameworks",
				);
				MARKETING_VERSION = 1.0;
				PRODUCT_BUNDLE_IDENTIFIER = mtorres.RouteGPT;
				PRODUCT_NAME = "$(TARGET_NAME)";
				SWIFT_EMIT_LOC_STRINGS = YES;
				SWIFT_VERSION = 5.0;
				TARGETED_DEVICE_FAMILY = "1,2";
			};
			name = Release;
		};
/* End XCBuildConfiguration section */

/* Begin XCConfigurationList section */
		435E676D29FD871B00BE3C06 /* Build configuration list for PBXProject "RouteGPT" */ = {
			isa = XCConfigurationList;
			buildConfigurations = (
				435E677E29FD871D00BE3C06 /* Debug */,
				435E677F29FD871D00BE3C06 /* Release */,
			);
			defaultConfigurationIsVisible = 0;
			defaultConfigurationName = Release;
		};
		435E678029FD871D00BE3C06 /* Build configuration list for PBXNativeTarget "RouteGPT" */ = {
			isa = XCConfigurationList;
			buildConfigurations = (
				435E678129FD871D00BE3C06 /* Debug */,
				435E678229FD871D00BE3C06 /* Release */,
			);
			defaultConfigurationIsVisible = 0;
			defaultConfigurationName = Release;
		};
/* End XCConfigurationList section */
	};
	rootObject = 435E676A29FD871B00BE3C06 /* Project object */;
}
